// !$*UTF8*$!
{
	archiveVersion = 1;
	classes = {
	};
	objectVersion = 46;
	objects = {

/* Begin PBXBuildFile section */
		E1FDAFB51AAAF870007EE4D5 /* main.m in Sources */ = {isa = PBXBuildFile; fileRef = E1FDAFB41AAAF870007EE4D5 /* main.m */; };
		E1FDAFB81AAAF870007EE4D5 /* AppDelegate.m in Sources */ = {isa = PBXBuildFile; fileRef = E1FDAFB71AAAF870007EE4D5 /* AppDelegate.m */; };
		E1FDAFBB1AAAF870007EE4D5 /* ViewController.m in Sources */ = {isa = PBXBuildFile; fileRef = E1FDAFBA1AAAF870007EE4D5 /* ViewController.m */; };
		E1FDAFBE1AAAF870007EE4D5 /* Main.storyboard in Resources */ = {isa = PBXBuildFile; fileRef = E1FDAFBC1AAAF870007EE4D5 /* Main.storyboard */; };
		E1FDAFC01AAAF870007EE4D5 /* Images.xcassets in Resources */ = {isa = PBXBuildFile; fileRef = E1FDAFBF1AAAF870007EE4D5 /* Images.xcassets */; };
		E1FDAFC31AAAF870007EE4D5 /* LaunchScreen.xib in Resources */ = {isa = PBXBuildFile; fileRef = E1FDAFC11AAAF870007EE4D5 /* LaunchScreen.xib */; };
		E1FDAFCF1AAAF870007EE4D5 /* TDDTrainingTests.m in Sources */ = {isa = PBXBuildFile; fileRef = E1FDAFCE1AAAF870007EE4D5 /* TDDTrainingTests.m */; };
/* End PBXBuildFile section */

/* Begin PBXContainerItemProxy section */
		E1FDAFC91AAAF870007EE4D5 /* PBXContainerItemProxy */ = {
			isa = PBXContainerItemProxy;
			containerPortal = E1FDAFA71AAAF870007EE4D5 /* Project object */;
			proxyType = 1;
			remoteGlobalIDString = E1FDAFAE1AAAF870007EE4D5;
			remoteInfo = TDDTraining;
		};
/* End PBXContainerItemProxy section */

/* Begin PBXFileReference section */
		E1FDAFAF1AAAF870007EE4D5 /* TDDTraining.app */ = {isa = PBXFileReference; explicitFileType = wrapper.application; includeInIndex = 0; path = TDDTraining.app; sourceTree = BUILT_PRODUCTS_DIR; };
		E1FDAFB31AAAF870007EE4D5 /* Info.plist */ = {isa = PBXFileReference; lastKnownFileType = text.plist.xml; path = Info.plist; sourceTree = "<group>"; };
		E1FDAFB41AAAF870007EE4D5 /* main.m */ = {isa = PBXFileReference; lastKnownFileType = sourcecode.c.objc; path = main.m; sourceTree = "<group>"; };
		E1FDAFB61AAAF870007EE4D5 /* AppDelegate.h */ = {isa = PBXFileReference; lastKnownFileType = sourcecode.c.h; path = AppDelegate.h; sourceTree = "<group>"; };
		E1FDAFB71AAAF870007EE4D5 /* AppDelegate.m */ = {isa = PBXFileReference; lastKnownFileType = sourcecode.c.objc; path = AppDelegate.m; sourceTree = "<group>"; };
		E1FDAFB91AAAF870007EE4D5 /* ViewController.h */ = {isa = PBXFileReference; lastKnownFileType = sourcecode.c.h; path = ViewController.h; sourceTree = "<group>"; };
		E1FDAFBA1AAAF870007EE4D5 /* ViewController.m */ = {isa = PBXFileReference; lastKnownFileType = sourcecode.c.objc; path = ViewController.m; sourceTree = "<group>"; };
		E1FDAFBD1AAAF870007EE4D5 /* Base */ = {isa = PBXFileReference; lastKnownFileType = file.storyboard; name = Base; path = Base.lproj/Main.storyboard; sourceTree = "<group>"; };
		E1FDAFBF1AAAF870007EE4D5 /* Images.xcassets */ = {isa = PBXFileReference; lastKnownFileType = folder.assetcatalog; path = Images.xcassets; sourceTree = "<group>"; };
		E1FDAFC21AAAF870007EE4D5 /* Base */ = {isa = PBXFileReference; lastKnownFileType = file.xib; name = Base; path = Base.lproj/LaunchScreen.xib; sourceTree = "<group>"; };
		E1FDAFC81AAAF870007EE4D5 /* TDDTrainingTests.xctest */ = {isa = PBXFileReference; explicitFileType = wrapper.cfbundle; includeInIndex = 0; path = TDDTrainingTests.xctest; sourceTree = BUILT_PRODUCTS_DIR; };
		E1FDAFCD1AAAF870007EE4D5 /* Info.plist */ = {isa = PBXFileReference; lastKnownFileType = text.plist.xml; path = Info.plist; sourceTree = "<group>"; };
		E1FDAFCE1AAAF870007EE4D5 /* TDDTrainingTests.m */ = {isa = PBXFileReference; lastKnownFileType = sourcecode.c.objc; path = TDDTrainingTests.m; sourceTree = "<group>"; };
/* End PBXFileReference section */

/* Begin PBXFrameworksBuildPhase section */
		E1FDAFAC1AAAF870007EE4D5 /* Frameworks */ = {
			isa = PBXFrameworksBuildPhase;
			buildActionMask = 2147483647;
			files = (
			);
			runOnlyForDeploymentPostprocessing = 0;
		};
		E1FDAFC51AAAF870007EE4D5 /* Frameworks */ = {
			isa = PBXFrameworksBuildPhase;
			buildActionMask = 2147483647;
			files = (
			);
			runOnlyForDeploymentPostprocessing = 0;
		};
/* End PBXFrameworksBuildPhase section */

/* Begin PBXGroup section */
		E1FDAFA61AAAF870007EE4D5 = {
			isa = PBXGroup;
			children = (
				E1FDAFB11AAAF870007EE4D5 /* TDDTraining */,
				E1FDAFCB1AAAF870007EE4D5 /* TDDTrainingTests */,
				E1FDAFB01AAAF870007EE4D5 /* Products */,
			);
			sourceTree = "<group>";
		};
		E1FDAFB01AAAF870007EE4D5 /* Products */ = {
			isa = PBXGroup;
			children = (
				E1FDAFAF1AAAF870007EE4D5 /* TDDTraining.app */,
				E1FDAFC81AAAF870007EE4D5 /* TDDTrainingTests.xctest */,
			);
			name = Products;
			sourceTree = "<group>";
		};
		E1FDAFB11AAAF870007EE4D5 /* TDDTraining */ = {
			isa = PBXGroup;
			children = (
				E1FDAFB61AAAF870007EE4D5 /* AppDelegate.h */,
				E1FDAFB71AAAF870007EE4D5 /* AppDelegate.m */,
				E1FDAFB91AAAF870007EE4D5 /* ViewController.h */,
				E1FDAFBA1AAAF870007EE4D5 /* ViewController.m */,
				E1FDAFBC1AAAF870007EE4D5 /* Main.storyboard */,
				E1FDAFBF1AAAF870007EE4D5 /* Images.xcassets */,
				E1FDAFC11AAAF870007EE4D5 /* LaunchScreen.xib */,
				E1FDAFB21AAAF870007EE4D5 /* Supporting Files */,
			);
			path = TDDTraining;
			sourceTree = "<group>";
		};
		E1FDAFB21AAAF870007EE4D5 /* Supporting Files */ = {
			isa = PBXGroup;
			children = (
				E1FDAFB31AAAF870007EE4D5 /* Info.plist */,
				E1FDAFB41AAAF870007EE4D5 /* main.m */,
			);
			name = "Supporting Files";
			sourceTree = "<group>";
		};
		E1FDAFCB1AAAF870007EE4D5 /* TDDTrainingTests */ = {
			isa = PBXGroup;
			children = (
				E1FDAFCE1AAAF870007EE4D5 /* TDDTrainingTests.m */,
				E1FDAFCC1AAAF870007EE4D5 /* Supporting Files */,
			);
			path = TDDTrainingTests;
			sourceTree = "<group>";
		};
		E1FDAFCC1AAAF870007EE4D5 /* Supporting Files */ = {
			isa = PBXGroup;
			children = (
				E1FDAFCD1AAAF870007EE4D5 /* Info.plist */,
			);
			name = "Supporting Files";
			sourceTree = "<group>";
		};
/* End PBXGroup section */

/* Begin PBXNativeTarget section */
		E1FDAFAE1AAAF870007EE4D5 /* TDDTraining */ = {
			isa = PBXNativeTarget;
			buildConfigurationList = E1FDAFD21AAAF870007EE4D5 /* Build configuration list for PBXNativeTarget "TDDTraining" */;
			buildPhases = (
				E1FDAFAB1AAAF870007EE4D5 /* Sources */,
				E1FDAFAC1AAAF870007EE4D5 /* Frameworks */,
				E1FDAFAD1AAAF870007EE4D5 /* Resources */,
			);
			buildRules = (
			);
			dependencies = (
			);
			name = TDDTraining;
			productName = TDDTraining;
			productReference = E1FDAFAF1AAAF870007EE4D5 /* TDDTraining.app */;
			productType = "com.apple.product-type.application";
		};
		E1FDAFC71AAAF870007EE4D5 /* TDDTrainingTests */ = {
			isa = PBXNativeTarget;
			buildConfigurationList = E1FDAFD51AAAF870007EE4D5 /* Build configuration list for PBXNativeTarget "TDDTrainingTests" */;
			buildPhases = (
				E1FDAFC41AAAF870007EE4D5 /* Sources */,
				E1FDAFC51AAAF870007EE4D5 /* Frameworks */,
				E1FDAFC61AAAF870007EE4D5 /* Resources */,
			);
			buildRules = (
			);
			dependencies = (
				E1FDAFCA1AAAF870007EE4D5 /* PBXTargetDependency */,
			);
			name = TDDTrainingTests;
			productName = TDDTrainingTests;
			productReference = E1FDAFC81AAAF870007EE4D5 /* TDDTrainingTests.xctest */;
			productType = "com.apple.product-type.bundle.unit-test";
		};
/* End PBXNativeTarget section */

/* Begin PBXProject section */
		E1FDAFA71AAAF870007EE4D5 /* Project object */ = {
			isa = PBXProject;
			attributes = {
				LastUpgradeCheck = 0610;
				ORGANIZATIONNAME = "Robert Mißbach";
				TargetAttributes = {
					E1FDAFAE1AAAF870007EE4D5 = {
						CreatedOnToolsVersion = 6.1.1;
					};
					E1FDAFC71AAAF870007EE4D5 = {
						CreatedOnToolsVersion = 6.1.1;
						TestTargetID = E1FDAFAE1AAAF870007EE4D5;
					};
				};
			};
			buildConfigurationList = E1FDAFAA1AAAF870007EE4D5 /* Build configuration list for PBXProject "TDDTraining" */;
			compatibilityVersion = "Xcode 3.2";
			developmentRegion = English;
			hasScannedForEncodings = 0;
			knownRegions = (
				en,
				Base,
			);
			mainGroup = E1FDAFA61AAAF870007EE4D5;
			productRefGroup = E1FDAFB01AAAF870007EE4D5 /* Products */;
			projectDirPath = "";
			projectRoot = "";
			targets = (
				E1FDAFAE1AAAF870007EE4D5 /* TDDTraining */,
				E1FDAFC71AAAF870007EE4D5 /* TDDTrainingTests */,
			);
		};
/* End PBXProject section */

/* Begin PBXResourcesBuildPhase section */
		E1FDAFAD1AAAF870007EE4D5 /* Resources */ = {
			isa = PBXResourcesBuildPhase;
			buildActionMask = 2147483647;
			files = (
				E1FDAFBE1AAAF870007EE4D5 /* Main.storyboard in Resources */,
				E1FDAFC31AAAF870007EE4D5 /* LaunchScreen.xib in Resources */,
				E1FDAFC01AAAF870007EE4D5 /* Images.xcassets in Resources */,
			);
			runOnlyForDeploymentPostprocessing = 0;
		};
		E1FDAFC61AAAF870007EE4D5 /* Resources */ = {
			isa = PBXResourcesBuildPhase;
			buildActionMask = 2147483647;
			files = (
			);
			runOnlyForDeploymentPostprocessing = 0;
		};
/* End PBXResourcesBuildPhase section */

/* Begin PBXSourcesBuildPhase section */
		E1FDAFAB1AAAF870007EE4D5 /* Sources */ = {
			isa = PBXSourcesBuildPhase;
			buildActionMask = 2147483647;
			files = (
				E1FDAFBB1AAAF870007EE4D5 /* ViewController.m in Sources */,
				E1FDAFB81AAAF870007EE4D5 /* AppDelegate.m in Sources */,
				E1FDAFB51AAAF870007EE4D5 /* main.m in Sources */,
			);
			runOnlyForDeploymentPostprocessing = 0;
		};
		E1FDAFC41AAAF870007EE4D5 /* Sources */ = {
			isa = PBXSourcesBuildPhase;
			buildActionMask = 2147483647;
			files = (
				E1FDAFCF1AAAF870007EE4D5 /* TDDTrainingTests.m in Sources */,
			);
			runOnlyForDeploymentPostprocessing = 0;
		};
/* End PBXSourcesBuildPhase section */

/* Begin PBXTargetDependency section */
		E1FDAFCA1AAAF870007EE4D5 /* PBXTargetDependency */ = {
			isa = PBXTargetDependency;
			target = E1FDAFAE1AAAF870007EE4D5 /* TDDTraining */;
			targetProxy = E1FDAFC91AAAF870007EE4D5 /* PBXContainerItemProxy */;
		};
/* End PBXTargetDependency section */

/* Begin PBXVariantGroup section */
		E1FDAFBC1AAAF870007EE4D5 /* Main.storyboard */ = {
			isa = PBXVariantGroup;
			children = (
				E1FDAFBD1AAAF870007EE4D5 /* Base */,
			);
			name = Main.storyboard;
			sourceTree = "<group>";
		};
		E1FDAFC11AAAF870007EE4D5 /* LaunchScreen.xib */ = {
			isa = PBXVariantGroup;
			children = (
				E1FDAFC21AAAF870007EE4D5 /* Base */,
			);
			name = LaunchScreen.xib;
			sourceTree = "<group>";
		};
/* End PBXVariantGroup section */

/* Begin XCBuildConfiguration section */
		E1FDAFD01AAAF870007EE4D5 /* Debug */ = {
			isa = XCBuildConfiguration;
			buildSettings = {
				ALWAYS_SEARCH_USER_PATHS = NO;
				CLANG_CXX_LANGUAGE_STANDARD = "gnu++0x";
				CLANG_CXX_LIBRARY = "libc++";
				CLANG_ENABLE_MODULES = YES;
				CLANG_ENABLE_OBJC_ARC = YES;
				CLANG_WARN_BOOL_CONVERSION = YES;
				CLANG_WARN_CONSTANT_CONVERSION = YES;
				CLANG_WARN_DIRECT_OBJC_ISA_USAGE = YES_ERROR;
				CLANG_WARN_EMPTY_BODY = YES;
				CLANG_WARN_ENUM_CONVERSION = YES;
				CLANG_WARN_INT_CONVERSION = YES;
				CLANG_WARN_OBJC_ROOT_CLASS = YES_ERROR;
				CLANG_WARN_UNREACHABLE_CODE = YES;
				CLANG_WARN__DUPLICATE_METHOD_MATCH = YES;
				"CODE_SIGN_IDENTITY[sdk=iphoneos*]" = "iPhone Developer";
				COPY_PHASE_STRIP = NO;
				ENABLE_STRICT_OBJC_MSGSEND = YES;
				GCC_C_LANGUAGE_STANDARD = gnu99;
				GCC_DYNAMIC_NO_PIC = NO;
				GCC_OPTIMIZATION_LEVEL = 0;
				GCC_PREPROCESSOR_DEFINITIONS = (
					"DEBUG=1",
					"$(inherited)",
				);
				GCC_SYMBOLS_PRIVATE_EXTERN = NO;
				GCC_WARN_64_TO_32_BIT_CONVERSION = YES;
				GCC_WARN_ABOUT_RETURN_TYPE = YES_ERROR;
				GCC_WARN_UNDECLARED_SELECTOR = YES;
				GCC_WARN_UNINITIALIZED_AUTOS = YES_AGGRESSIVE;
				GCC_WARN_UNUSED_FUNCTION = YES;
				GCC_WARN_UNUSED_VARIABLE = YES;
				IPHONEOS_DEPLOYMENT_TARGET = 8.1;
				MTL_ENABLE_DEBUG_INFO = YES;
				ONLY_ACTIVE_ARCH = YES;
				SDKROOT = iphoneos;
			};
			name = Debug;
		};
		E1FDAFD11AAAF870007EE4D5 /* Release */ = {
			isa = XCBuildConfiguration;
			buildSettings = {
				ALWAYS_SEARCH_USER_PATHS = NO;
				CLANG_CXX_LANGUAGE_STANDARD = "gnu++0x";
				CLANG_CXX_LIBRARY = "libc++";
				CLANG_ENABLE_MODULES = YES;
				CLANG_ENABLE_OBJC_ARC = YES;
				CLANG_WARN_BOOL_CONVERSION = YES;
				CLANG_WARN_CONSTANT_CONVERSION = YES;
				CLANG_WARN_DIRECT_OBJC_ISA_USAGE = YES_ERROR;
				CLANG_WARN_EMPTY_BODY = YES;
				CLANG_WARN_ENUM_CONVERSION = YES;
				CLANG_WARN_INT_CONVERSION = YES;
				CLANG_WARN_OBJC_ROOT_CLASS = YES_ERROR;
				CLANG_WARN_UNREACHABLE_CODE = YES;
				CLANG_WARN__DUPLICATE_METHOD_MATCH = YES;
				"CODE_SIGN_IDENTITY[sdk=iphoneos*]" = "iPhone Developer";
				COPY_PHASE_STRIP = YES;
				ENABLE_NS_ASSERTIONS = NO;
				ENABLE_STRICT_OBJC_MSGSEND = YES;
				GCC_C_LANGUAGE_STANDARD = gnu99;
				GCC_WARN_64_TO_32_BIT_CONVERSION = YES;
				GCC_WARN_ABOUT_RETURN_TYPE = YES_ERROR;
				GCC_WARN_UNDECLARED_SELECTOR = YES;
				GCC_WARN_UNINITIALIZED_AUTOS = YES_AGGRESSIVE;
				GCC_WARN_UNUSED_FUNCTION = YES;
				GCC_WARN_UNUSED_VARIABLE = YES;
				IPHONEOS_DEPLOYMENT_TARGET = 8.1;
				MTL_ENABLE_DEBUG_INFO = NO;
				SDKROOT = iphoneos;
				VALIDATE_PRODUCT = YES;
			};
			name = Release;
		};
		E1FDAFD31AAAF870007EE4D5 /* Debug */ = {
			isa = XCBuildConfiguration;
			buildSettings = {
				ASSETCATALOG_COMPILER_APPICON_NAME = AppIcon;
				INFOPLIST_FILE = TDDTraining/Info.plist;
				LD_RUNPATH_SEARCH_PATHS = "$(inherited) @executable_path/Frameworks";
				PRODUCT_NAME = "$(TARGET_NAME)";
			};
			name = Debug;
		};
		E1FDAFD41AAAF870007EE4D5 /* Release */ = {
			isa = XCBuildConfiguration;
			buildSettings = {
				ASSETCATALOG_COMPILER_APPICON_NAME = AppIcon;
				INFOPLIST_FILE = TDDTraining/Info.plist;
				LD_RUNPATH_SEARCH_PATHS = "$(inherited) @executable_path/Frameworks";
				PRODUCT_NAME = "$(TARGET_NAME)";
			};
			name = Release;
		};
		E1FDAFD61AAAF870007EE4D5 /* Debug */ = {
			isa = XCBuildConfiguration;
			buildSettings = {
				BUNDLE_LOADER = "$(TEST_HOST)";
				FRAMEWORK_SEARCH_PATHS = (
					"$(SDKROOT)/Developer/Library/Frameworks",
					"$(inherited)",
				);
				GCC_PREPROCESSOR_DEFINITIONS = (
					"DEBUG=1",
					"$(inherited)",
				);
				INFOPLIST_FILE = TDDTrainingTests/Info.plist;
				LD_RUNPATH_SEARCH_PATHS = "$(inherited) @executable_path/Frameworks @loader_path/Frameworks";
				PRODUCT_NAME = "$(TARGET_NAME)";
				TEST_HOST = "$(BUILT_PRODUCTS_DIR)/TDDTraining.app/TDDTraining";
			};
			name = Debug;
		};
		E1FDAFD71AAAF870007EE4D5 /* Release */ = {
			isa = XCBuildConfiguration;
			buildSettings = {
				BUNDLE_LOADER = "$(TEST_HOST)";
				FRAMEWORK_SEARCH_PATHS = (
					"$(SDKROOT)/Developer/Library/Frameworks",
					"$(inherited)",
				);
				INFOPLIST_FILE = TDDTrainingTests/Info.plist;
				LD_RUNPATH_SEARCH_PATHS = "$(inherited) @executable_path/Frameworks @loader_path/Frameworks";
				PRODUCT_NAME = "$(TARGET_NAME)";
				TEST_HOST = "$(BUILT_PRODUCTS_DIR)/TDDTraining.app/TDDTraining";
			};
			name = Release;
		};
/* End XCBuildConfiguration section */

/* Begin XCConfigurationList section */
		E1FDAFAA1AAAF870007EE4D5 /* Build configuration list for PBXProject "TDDTraining" */ = {
			isa = XCConfigurationList;
			buildConfigurations = (
				E1FDAFD01AAAF870007EE4D5 /* Debug */,
				E1FDAFD11AAAF870007EE4D5 /* Release */,
			);
			defaultConfigurationIsVisible = 0;
			defaultConfigurationName = Release;
		};
		E1FDAFD21AAAF870007EE4D5 /* Build configuration list for PBXNativeTarget "TDDTraining" */ = {
			isa = XCConfigurationList;
			buildConfigurations = (
				E1FDAFD31AAAF870007EE4D5 /* Debug */,
				E1FDAFD41AAAF870007EE4D5 /* Release */,
			);
			defaultConfigurationIsVisible = 0;
		};
		E1FDAFD51AAAF870007EE4D5 /* Build configuration list for PBXNativeTarget "TDDTrainingTests" */ = {
			isa = XCConfigurationList;
			buildConfigurations = (
				E1FDAFD61AAAF870007EE4D5 /* Debug */,
				E1FDAFD71AAAF870007EE4D5 /* Release */,
			);
			defaultConfigurationIsVisible = 0;
		};
/* End XCConfigurationList section */
	};
	rootObject = E1FDAFA71AAAF870007EE4D5 /* Project object */;
}
